
Microsoft Visual Studio Solution File, Format Version 12.00
# Visual Studio 15
Project("{FAE04EC0-301F-11D3-BF4B-00C04F79EFBC}") = "Assembly-CSharp", "Assembly-CSharp.csproj", "{8C6775D9-1A44-69C4-362B-6AA03ADCEB16}"
EndProject
Project("{FAE04EC0-301F-11D3-BF4B-00C04F79EFBC}") = "EnoxSoftware.OpenCVForUnity", "EnoxSoftware.OpenCVForUnity.csproj", "{5FAA8EA7-561C-A9E7-AD9F-8CFA758A07FD}"
EndProject
Project("{FAE04EC0-301F-11D3-BF4B-00C04F79EFBC}") = "EnoxSoftware.OpenCVForUnity.Editor", "EnoxSoftware.OpenCVForUnity.Editor.csproj", "{92F26DCA-87B7-5194-9F0D-ECC6C7050641}"
EndProject
Global
	GlobalSection(SolutionConfigurationPlatforms) = preSolution
		Debug|Any CPU = Debug|Any CPU
		Release|Any CPU = Release|Any CPU
	EndGlobalSection
	GlobalSection(ProjectConfigurationPlatforms) = postSolution
		{8C6775D9-1A44-69C4-362B-6AA03ADCEB16}.Debug|Any CPU.ActiveCfg = Debug|Any CPU
		{8C6775D9-1A44-69C4-362B-6AA03ADCEB16}.Debug|Any CPU.Build.0 = Debug|Any CPU
		{8C6775D9-1A44-69C4-362B-6AA03ADCEB16}.Release|Any CPU.ActiveCfg = Release|Any CPU
		{8C6775D9-1A44-69C4-362B-6AA03ADCEB16}.Release|Any CPU.Build.0 = Release|Any CPU
		{5FAA8EA7-561C-A9E7-AD9F-8CFA758A07FD}.Debug|Any CPU.ActiveCfg = Debug|Any CPU
		{5FAA8EA7-561C-A9E7-AD9F-8CFA758A07FD}.Debug|Any CPU.Build.0 = Debug|Any CPU
		{5FAA8EA7-561C-A9E7-AD9F-8CFA758A07FD}.Release|Any CPU.ActiveCfg = Release|Any CPU
		{5FAA8EA7-561C-A9E7-AD9F-8CFA758A07FD}.Release|Any CPU.Build.0 = Release|Any CPU
		{92F26DCA-87B7-5194-9F0D-ECC6C7050641}.Debug|Any CPU.ActiveCfg = Debug|Any CPU
		{92F26DCA-87B7-5194-9F0D-ECC6C7050641}.Debug|Any CPU.Build.0 = Debug|Any CPU
		{92F26DCA-87B7-5194-9F0D-ECC6C7050641}.Release|Any CPU.ActiveCfg = Release|Any CPU
		{92F26DCA-87B7-5194-9F0D-ECC6C7050641}.Release|Any CPU.Build.0 = Release|Any CPU
	EndGlobalSection
	GlobalSection(SolutionProperties) = preSolution
		HideSolutionNode = FALSE
	EndGlobalSection
EndGlobal
